{
  "name": "test-npm-duplicate-bin",
  "version": "1.0.0",
  "lockfileVersion": 1,
  "requires": true,
  "dependencies": {
    "test-npm-duplicate-bin-1": {
      "version": "github:ampcpmgp/test-npm-duplicate-bin#7eb9e853fa3c746decd1831bc3520e272ebeb1fc",
      "from": "github:ampcpmgp/test-npm-duplicate-bin#test-log-1"
    },
    "test-npm-duplicate-bin-2": {
      "version": "github:ampcpmgp/test-npm-duplicate-bin#dfdbe7d6d6814debc31ea25f335e580a252441c7",
      "from": "github:ampcpmgp/test-npm-duplicate-bin#test-log-2"
    }
  }
}
